
Microsoft Visual Studio Solution File, Format Version 12.00
# Visual Studio Version 16
VisualStudioVersion = 16.0.33328.57
MinimumVisualStudioVersion = 10.0.40219.1
Project("{8BC9CEB8-8B4A-11D0-8D11-00A0C91BC942}") = "Dijkstra", "Dijkstra\Dijkstra.vcxproj", "{722655E7-C7C6-446E-A11C-A53386E78A7E}"
EndProject
Project("{8BC9CEB8-8B4A-11D0-8D11-00A0C91BC942}") = "tests", "tests\tests.vcxproj", "{4C3D4D62-A32F-4042-B8F2-911610CDC75D}"
EndProject
Project("{8BC9CEB8-8B4A-11D0-8D11-00A0C91BC942}") = "gtest", "gtest\gtest.vcxproj", "{91079CF1-8C13-42D4-A4E7-32194C34F014}"
EndProject
Project("{8BC9CEB8-8B4A-11D0-8D11-00A0C91BC942}") = "sample", "sample\sample.vcxproj", "{0650D2E3-D64E-444D-AEDD-566F4EA42111}"
EndProject
Global
	GlobalSection(SolutionConfigurationPlatforms) = preSolution
		Debug|x64 = Debug|x64
		Debug|x86 = Debug|x86
		Release|x64 = Release|x64
		Release|x86 = Release|x86
	EndGlobalSection
	GlobalSection(ProjectConfigurationPlatforms) = postSolution
		{722655E7-C7C6-446E-A11C-A53386E78A7E}.Debug|x64.ActiveCfg = Debug|x64
		{722655E7-C7C6-446E-A11C-A53386E78A7E}.Debug|x64.Build.0 = Debug|x64
		{722655E7-C7C6-446E-A11C-A53386E78A7E}.Debug|x86.ActiveCfg = Debug|Win32
		{722655E7-C7C6-446E-A11C-A53386E78A7E}.Debug|x86.Build.0 = Debug|Win32
		{722655E7-C7C6-446E-A11C-A53386E78A7E}.Release|x64.ActiveCfg = Release|x64
		{722655E7-C7C6-446E-A11C-A53386E78A7E}.Release|x64.Build.0 = Release|x64
		{722655E7-C7C6-446E-A11C-A53386E78A7E}.Release|x86.ActiveCfg = Release|Win32
		{722655E7-C7C6-446E-A11C-A53386E78A7E}.Release|x86.Build.0 = Release|Win32
		{4C3D4D62-A32F-4042-B8F2-911610CDC75D}.Debug|x64.ActiveCfg = Debug|x64
		{4C3D4D62-A32F-4042-B8F2-911610CDC75D}.Debug|x64.Build.0 = Debug|x64
		{4C3D4D62-A32F-4042-B8F2-911610CDC75D}.Debug|x86.ActiveCfg = Debug|Win32
		{4C3D4D62-A32F-4042-B8F2-911610CDC75D}.Debug|x86.Build.0 = Debug|Win32
		{4C3D4D62-A32F-4042-B8F2-911610CDC75D}.Release|x64.ActiveCfg = Release|x64
		{4C3D4D62-A32F-4042-B8F2-911610CDC75D}.Release|x64.Build.0 = Release|x64
		{4C3D4D62-A32F-4042-B8F2-911610CDC75D}.Release|x86.ActiveCfg = Release|Win32
		{4C3D4D62-A32F-4042-B8F2-911610CDC75D}.Release|x86.Build.0 = Release|Win32
		{91079CF1-8C13-42D4-A4E7-32194C34F014}.Debug|x64.ActiveCfg = Debug|x64
		{91079CF1-8C13-42D4-A4E7-32194C34F014}.Debug|x64.Build.0 = Debug|x64
		{91079CF1-8C13-42D4-A4E7-32194C34F014}.Debug|x86.ActiveCfg = Debug|Win32
		{91079CF1-8C13-42D4-A4E7-32194C34F014}.Debug|x86.Build.0 = Debug|Win32
		{91079CF1-8C13-42D4-A4E7-32194C34F014}.Release|x64.ActiveCfg = Release|x64
		{91079CF1-8C13-42D4-A4E7-32194C34F014}.Release|x64.Build.0 = Release|x64
		{91079CF1-8C13-42D4-A4E7-32194C34F014}.Release|x86.ActiveCfg = Release|Win32
		{91079CF1-8C13-42D4-A4E7-32194C34F014}.Release|x86.Build.0 = Release|Win32
		{0650D2E3-D64E-444D-AEDD-566F4EA42111}.Debug|x64.ActiveCfg = Debug|x64
		{0650D2E3-D64E-444D-AEDD-566F4EA42111}.Debug|x64.Build.0 = Debug|x64
		{0650D2E3-D64E-444D-AEDD-566F4EA42111}.Debug|x86.ActiveCfg = Debug|Win32
		{0650D2E3-D64E-444D-AEDD-566F4EA42111}.Debug|x86.Build.0 = Debug|Win32
		{0650D2E3-D64E-444D-AEDD-566F4EA42111}.Release|x64.ActiveCfg = Release|x64
		{0650D2E3-D64E-444D-AEDD-566F4EA42111}.Release|x64.Build.0 = Release|x64
		{0650D2E3-D64E-444D-AEDD-566F4EA42111}.Release|x86.ActiveCfg = Release|Win32
		{0650D2E3-D64E-444D-AEDD-566F4EA42111}.Release|x86.Build.0 = Release|Win32
	EndGlobalSection
	GlobalSection(SolutionProperties) = preSolution
		HideSolutionNode = FALSE
	EndGlobalSection
	GlobalSection(ExtensibilityGlobals) = postSolution
		SolutionGuid = {A14C1CFC-B67A-4EA9-B347-C9656A323B8F}
	EndGlobalSection
EndGlobal
